// !$*UTF8*$!
{
	archiveVersion = 1;
	classes = {
	};
	objectVersion = 46;
	objects = {

/* Begin PBXBuildFile section */
		E3032645135454920012B181 /* MediaPlayer.framework in Frameworks */ = {isa = PBXBuildFile; fileRef = E3032644135454920012B181 /* MediaPlayer.framework */; };
		E303264913545BCB0012B181 /* MediaPlayer.m in Sources */ = {isa = PBXBuildFile; fileRef = E303264713545BCA0012B181 /* MediaPlayer.m */; };
		E303264A13545BCB0012B181 /* MediaPlayer.xib in Resources */ = {isa = PBXBuildFile; fileRef = E303264813545BCA0012B181 /* MediaPlayer.xib */; };
		E303264D1355A6AB0012B181 /* nav_nologo.png in Resources */ = {isa = PBXBuildFile; fileRef = E303264B1355A6A90012B181 /* nav_nologo.png */; };
		E303264E1355A6AB0012B181 /* nav_nologo@2x.png in Resources */ = {isa = PBXBuildFile; fileRef = E303264C1355A6AA0012B181 /* nav_nologo@2x.png */; };
		E341C865134A31F9009BB506 /* ASIAuthenticationDialog.m in Sources */ = {isa = PBXBuildFile; fileRef = E341C852134A31F9009BB506 /* ASIAuthenticationDialog.m */; };
		E341C866134A31F9009BB506 /* ASIDataCompressor.m in Sources */ = {isa = PBXBuildFile; fileRef = E341C855134A31F9009BB506 /* ASIDataCompressor.m */; };
		E341C867134A31F9009BB506 /* ASIDataDecompressor.m in Sources */ = {isa = PBXBuildFile; fileRef = E341C857134A31F9009BB506 /* ASIDataDecompressor.m */; };
		E341C868134A31F9009BB506 /* ASIDownloadCache.m in Sources */ = {isa = PBXBuildFile; fileRef = E341C859134A31F9009BB506 /* ASIDownloadCache.m */; };
		E341C869134A31F9009BB506 /* ASIFormDataRequest.m in Sources */ = {isa = PBXBuildFile; fileRef = E341C85B134A31F9009BB506 /* ASIFormDataRequest.m */; };
		E341C86A134A31F9009BB506 /* ASIHTTPRequest.m in Sources */ = {isa = PBXBuildFile; fileRef = E341C85D134A31F9009BB506 /* ASIHTTPRequest.m */; };
		E341C86B134A31F9009BB506 /* ASIInputStream.m in Sources */ = {isa = PBXBuildFile; fileRef = E341C861134A31F9009BB506 /* ASIInputStream.m */; };
		E341C86C134A31F9009BB506 /* ASINetworkQueue.m in Sources */ = {isa = PBXBuildFile; fileRef = E341C863134A31F9009BB506 /* ASINetworkQueue.m */; };
		E341C86F134A3288009BB506 /* Reachability.m in Sources */ = {isa = PBXBuildFile; fileRef = E341C86E134A3288009BB506 /* Reachability.m */; };
		E341C871134A32B6009BB506 /* CoreFoundation.framework in Frameworks */ = {isa = PBXBuildFile; fileRef = E341C870134A32B6009BB506 /* CoreFoundation.framework */; };
		E341C873134A32FD009BB506 /* CFNetwork.framework in Frameworks */ = {isa = PBXBuildFile; fileRef = E341C872134A32FD009BB506 /* CFNetwork.framework */; };
		E341C875134A3302009BB506 /* SystemConfiguration.framework in Frameworks */ = {isa = PBXBuildFile; fileRef = E341C874134A3302009BB506 /* SystemConfiguration.framework */; };
		E341C877134A3308009BB506 /* MobileCoreServices.framework in Frameworks */ = {isa = PBXBuildFile; fileRef = E341C876134A3308009BB506 /* MobileCoreServices.framework */; };
		E341C879134A3337009BB506 /* libz.dylib in Frameworks */ = {isa = PBXBuildFile; fileRef = E341C878134A3337009BB506 /* libz.dylib */; };
		E341C87C134A35F2009BB506 /* ServerRequest.m in Sources */ = {isa = PBXBuildFile; fileRef = E341C87B134A35F2009BB506 /* ServerRequest.m */; };
		E341C87F134AFC05009BB506 /* Article.m in Sources */ = {isa = PBXBuildFile; fileRef = E341C87E134AFC05009BB506 /* Article.m */; };
		E341C882134AFD56009BB506 /* Magasin.m in Sources */ = {isa = PBXBuildFile; fileRef = E341C881134AFD56009BB506 /* Magasin.m */; };
		E341C8AE134B03D0009BB506 /* Category.m in Sources */ = {isa = PBXBuildFile; fileRef = E341C8AD134B03D0009BB506 /* Category.m */; };
		E341C8B1134B3CAD009BB506 /* BaseController.m in Sources */ = {isa = PBXBuildFile; fileRef = E341C8B0134B3CAD009BB506 /* BaseController.m */; };
		E3455365134DC3AE004B9D1E /* Entitlements.plist in Resources */ = {isa = PBXBuildFile; fileRef = E3455364134DC3AE004B9D1E /* Entitlements.plist */; };
		E3455369134E2317004B9D1E /* Commentaire.m in Sources */ = {isa = PBXBuildFile; fileRef = E3455368134E2317004B9D1E /* Commentaire.m */; };
		E3455378134F16D5004B9D1E /* PrefereEdit.xib in Resources */ = {isa = PBXBuildFile; fileRef = E3455376134F16D4004B9D1E /* PrefereEdit.xib */; };
		E345537B134F173C004B9D1E /* PrefereEditController.m in Sources */ = {isa = PBXBuildFile; fileRef = E345537A134F173C004B9D1E /* PrefereEditController.m */; };
		E34553A813530BD0004B9D1E /* alaune_off.png in Resources */ = {isa = PBXBuildFile; fileRef = E345537C13530BCF004B9D1E /* alaune_off.png */; };
		E34553A913530BD0004B9D1E /* alaune_off@2x.png in Resources */ = {isa = PBXBuildFile; fileRef = E345537D13530BCF004B9D1E /* alaune_off@2x.png */; };
		E34553AC13530BD0004B9D1E /* arrow.png in Resources */ = {isa = PBXBuildFile; fileRef = E345538013530BCF004B9D1E /* arrow.png */; };
		E34553AD13530BD0004B9D1E /* arrow@2x.png in Resources */ = {isa = PBXBuildFile; fileRef = E345538113530BCF004B9D1E /* arrow@2x.png */; };
		E34553AE13530BD0004B9D1E /* bg_log.png in Resources */ = {isa = PBXBuildFile; fileRef = E345538213530BCF004B9D1E /* bg_log.png */; };
		E34553AF13530BD0004B9D1E /* bg_log@2x.png in Resources */ = {isa = PBXBuildFile; fileRef = E345538313530BCF004B9D1E /* bg_log@2x.png */; };
		E34553B013530BD0004B9D1E /* bg_topbar.png in Resources */ = {isa = PBXBuildFile; fileRef = E345538413530BCF004B9D1E /* bg_topbar.png */; };
		E34553B113530BD0004B9D1E /* bg_topbar@2x.png in Resources */ = {isa = PBXBuildFile; fileRef = E345538513530BCF004B9D1E /* bg_topbar@2x.png */; };
		E34553B213530BD0004B9D1E /* checkbox_checked.png in Resources */ = {isa = PBXBuildFile; fileRef = E345538613530BCF004B9D1E /* checkbox_checked.png */; };
		E34553B313530BD0004B9D1E /* checkbox_checked@2x.png in Resources */ = {isa = PBXBuildFile; fileRef = E345538713530BCF004B9D1E /* checkbox_checked@2x.png */; };
		E34553B413530BD0004B9D1E /* checkbox_unchecked.png in Resources */ = {isa = PBXBuildFile; fileRef = E345538813530BCF004B9D1E /* checkbox_unchecked.png */; };
		E34553B513530BD0004B9D1E /* checkbox_unchecked@2x.png in Resources */ = {isa = PBXBuildFile; fileRef = E345538913530BCF004B9D1E /* checkbox_unchecked@2x.png */; };
		E34553B613530BD0004B9D1E /* comments.png in Resources */ = {isa = PBXBuildFile; fileRef = E345538A13530BD0004B9D1E /* comments.png */; };
		E34553B713530BD0004B9D1E /* comments@2x.png in Resources */ = {isa = PBXBuildFile; fileRef = E345538B13530BD0004B9D1E /* comments@2x.png */; };
		E34553B813530BD0004B9D1E /* favoris_add.png in Resources */ = {isa = PBXBuildFile; fileRef = E345538C13530BD0004B9D1E /* favoris_add.png */; };
		E34553B913530BD0004B9D1E /* favoris_add@2x.png in Resources */ = {isa = PBXBuildFile; fileRef = E345538D13530BD0004B9D1E /* favoris_add@2x.png */; };
		E34553BA13530BD0004B9D1E /* favoris_off.png in Resources */ = {isa = PBXBuildFile; fileRef = E345538E13530BD0004B9D1E /* favoris_off.png */; };
		E34553BB13530BD0004B9D1E /* favoris_off@2x.png in Resources */ = {isa = PBXBuildFile; fileRef = E345538F13530BD0004B9D1E /* favoris_off@2x.png */; };
		E34553C013530BD0004B9D1E /* icon_ipad.png in Resources */ = {isa = PBXBuildFile; fileRef = E345539413530BD0004B9D1E /* icon_ipad.png */; };
		E34553C113530BD0004B9D1E /* icon.png in Resources */ = {isa = PBXBuildFile; fileRef = E345539513530BD0004B9D1E /* icon.png */; };
		E34553C213530BD0004B9D1E /* icon@2x.png in Resources */ = {isa = PBXBuildFile; fileRef = E345539613530BD0004B9D1E /* icon@2x.png */; };
		E34553C313530BD0004B9D1E /* ilike.png in Resources */ = {isa = PBXBuildFile; fileRef = E345539713530BD0004B9D1E /* ilike.png */; };
		E34553C413530BD0004B9D1E /* ilike@2x.png in Resources */ = {isa = PBXBuildFile; fileRef = E345539813530BD0004B9D1E /* ilike@2x.png */; };
		E34553C513530BD0004B9D1E /* iTunesArtwork.png in Resources */ = {isa = PBXBuildFile; fileRef = E345539913530BD0004B9D1E /* iTunesArtwork.png */; };
		E34553C813530BD0004B9D1E /* podcast_off.png in Resources */ = {isa = PBXBuildFile; fileRef = E345539C13530BD0004B9D1E /* podcast_off.png */; };
		E34553C913530BD0004B9D1E /* podcast_off@2x.png in Resources */ = {isa = PBXBuildFile; fileRef = E345539D13530BD0004B9D1E /* podcast_off@2x.png */; };
		E34553CC13530BD0004B9D1E /* preferes_off.png in Resources */ = {isa = PBXBuildFile; fileRef = E34553A013530BD0004B9D1E /* preferes_off.png */; };
		E34553CD13530BD0004B9D1E /* preferes_off@2x.png in Resources */ = {isa = PBXBuildFile; fileRef = E34553A113530BD0004B9D1E /* preferes_off@2x.png */; };
		E34553D013530BD0004B9D1E /* rubriques_off.png in Resources */ = {isa = PBXBuildFile; fileRef = E34553A413530BD0004B9D1E /* rubriques_off.png */; };
		E34553D113530BD0004B9D1E /* rubriques_off@2x.png in Resources */ = {isa = PBXBuildFile; fileRef = E34553A513530BD0004B9D1E /* rubriques_off@2x.png */; };
		E34553D513530C1A004B9D1E /* icon.png in Resources */ = {isa = PBXBuildFile; fileRef = E34553D413530C1A004B9D1E /* icon.png */; };
		E34553D713530C23004B9D1E /* icon@2x.png in Resources */ = {isa = PBXBuildFile; fileRef = E34553D613530C23004B9D1E /* icon@2x.png */; };
		E34553D913530C44004B9D1E /* Default.png in Resources */ = {isa = PBXBuildFile; fileRef = E34553D813530C44004B9D1E /* Default.png */; };
		E34553DB13530C4D004B9D1E /* Default@2x.png in Resources */ = {isa = PBXBuildFile; fileRef = E34553DA13530C4C004B9D1E /* Default@2x.png */; };
		E34553DE13530CD6004B9D1E /* bg.png in Resources */ = {isa = PBXBuildFile; fileRef = E34553DC13530CD6004B9D1E /* bg.png */; };
		E34553DF13530CD6004B9D1E /* bg@2x.png in Resources */ = {isa = PBXBuildFile; fileRef = E34553DD13530CD6004B9D1E /* bg@2x.png */; };
		E34553E213541C13004B9D1E /* nav@2x.png in Resources */ = {isa = PBXBuildFile; fileRef = E34553E013541C11004B9D1E /* nav@2x.png */; };
		E34553E313541C13004B9D1E /* nav.png in Resources */ = {isa = PBXBuildFile; fileRef = E34553E113541C12004B9D1E /* nav.png */; };
		E390EC06134C6EAA00B1B705 /* ArticleCellController.m in Sources */ = {isa = PBXBuildFile; fileRef = E390EC04134C6EAA00B1B705 /* ArticleCellController.m */; };
		E390EC07134C6EAA00B1B705 /* ArticleCell.xib in Resources */ = {isa = PBXBuildFile; fileRef = E390EC05134C6EAA00B1B705 /* ArticleCell.xib */; };
		E3D97E701349C3B300E2C1BA /* UIKit.framework in Frameworks */ = {isa = PBXBuildFile; fileRef = E3D97E6F1349C3B300E2C1BA /* UIKit.framework */; };
		E3D97E721349C3B300E2C1BA /* Foundation.framework in Frameworks */ = {isa = PBXBuildFile; fileRef = E3D97E711349C3B300E2C1BA /* Foundation.framework */; };
		E3D97E741349C3B300E2C1BA /* CoreGraphics.framework in Frameworks */ = {isa = PBXBuildFile; fileRef = E3D97E731349C3B300E2C1BA /* CoreGraphics.framework */; };
		E3D97E7A1349C3B300E2C1BA /* InfoPlist.strings in Resources */ = {isa = PBXBuildFile; fileRef = E3D97E781349C3B300E2C1BA /* InfoPlist.strings */; };
		E3D97E7D1349C3B300E2C1BA /* main.m in Sources */ = {isa = PBXBuildFile; fileRef = E3D97E7C1349C3B300E2C1BA /* main.m */; };
		E3D97E801349C3B300E2C1BA /* Celaneo1AppDelegate.m in Sources */ = {isa = PBXBuildFile; fileRef = E3D97E7F1349C3B300E2C1BA /* Celaneo1AppDelegate.m */; };
		E3D97E831349C3B300E2C1BA /* MainWindow.xib in Resources */ = {isa = PBXBuildFile; fileRef = E3D97E811349C3B300E2C1BA /* MainWindow.xib */; };
		E3D97E861349C3B300E2C1BA /* ArticleList.m in Sources */ = {isa = PBXBuildFile; fileRef = E3D97E851349C3B300E2C1BA /* ArticleList.m */; };
		E3D97E891349C3B300E2C1BA /* RubriqueListController.m in Sources */ = {isa = PBXBuildFile; fileRef = E3D97E881349C3B300E2C1BA /* RubriqueListController.m */; };
		E3D97E8C1349C3B400E2C1BA /* ArticleList.xib in Resources */ = {isa = PBXBuildFile; fileRef = E3D97E8A1349C3B400E2C1BA /* ArticleList.xib */; };
		E3D97E8F1349C3B400E2C1BA /* RubriqueList.xib in Resources */ = {isa = PBXBuildFile; fileRef = E3D97E8D1349C3B400E2C1BA /* RubriqueList.xib */; };
		E3D97E981349C56C00E2C1BA /* LoginController.m in Sources */ = {isa = PBXBuildFile; fileRef = E3D97E961349C56C00E2C1BA /* LoginController.m */; };
/* End PBXBuildFile section */

/* Begin PBXFileReference section */
		E3032644135454920012B181 /* MediaPlayer.framework */ = {isa = PBXFileReference; lastKnownFileType = wrapper.framework; name = MediaPlayer.framework; path = System/Library/Frameworks/MediaPlayer.framework; sourceTree = SDKROOT; };
		E303264613545BCA0012B181 /* MediaPlayer.h */ = {isa = PBXFileReference; fileEncoding = 4; lastKnownFileType = sourcecode.c.h; path = MediaPlayer.h; sourceTree = "<group>"; };
		E303264713545BCA0012B181 /* MediaPlayer.m */ = {isa = PBXFileReference; fileEncoding = 4; lastKnownFileType = sourcecode.c.objc; path = MediaPlayer.m; sourceTree = "<group>"; };
		E303264813545BCA0012B181 /* MediaPlayer.xib */ = {isa = PBXFileReference; fileEncoding = 4; lastKnownFileType = file.xib; path = MediaPlayer.xib; sourceTree = "<group>"; };
		E303264B1355A6A90012B181 /* nav_nologo.png */ = {isa = PBXFileReference; lastKnownFileType = image.png; path = nav_nologo.png; sourceTree = "<group>"; };
		E303264C1355A6AA0012B181 /* nav_nologo@2x.png */ = {isa = PBXFileReference; lastKnownFileType = image.png; path = "nav_nologo@2x.png"; sourceTree = "<group>"; };
		E341C851134A31F9009BB506 /* ASIAuthenticationDialog.h */ = {isa = PBXFileReference; fileEncoding = 4; lastKnownFileType = sourcecode.c.h; path = ASIAuthenticationDialog.h; sourceTree = "<group>"; };
		E341C852134A31F9009BB506 /* ASIAuthenticationDialog.m */ = {isa = PBXFileReference; fileEncoding = 4; lastKnownFileType = sourcecode.c.objc; path = ASIAuthenticationDialog.m; sourceTree = "<group>"; };
		E341C853134A31F9009BB506 /* ASICacheDelegate.h */ = {isa = PBXFileReference; fileEncoding = 4; lastKnownFileType = sourcecode.c.h; lineEnding = 0; path = ASICacheDelegate.h; sourceTree = "<group>"; xcLanguageSpecificationIdentifier = xcode.lang.objcpp; };
		E341C854134A31F9009BB506 /* ASIDataCompressor.h */ = {isa = PBXFileReference; fileEncoding = 4; lastKnownFileType = sourcecode.c.h; path = ASIDataCompressor.h; sourceTree = "<group>"; };
		E341C855134A31F9009BB506 /* ASIDataCompressor.m */ = {isa = PBXFileReference; fileEncoding = 4; lastKnownFileType = sourcecode.c.objc; path = ASIDataCompressor.m; sourceTree = "<group>"; };
		E341C856134A31F9009BB506 /* ASIDataDecompressor.h */ = {isa = PBXFileReference; fileEncoding = 4; lastKnownFileType = sourcecode.c.h; path = ASIDataDecompressor.h; sourceTree = "<group>"; };
		E341C857134A31F9009BB506 /* ASIDataDecompressor.m */ = {isa = PBXFileReference; fileEncoding = 4; lastKnownFileType = sourcecode.c.objc; path = ASIDataDecompressor.m; sourceTree = "<group>"; };
		E341C858134A31F9009BB506 /* ASIDownloadCache.h */ = {isa = PBXFileReference; fileEncoding = 4; lastKnownFileType = sourcecode.c.h; path = ASIDownloadCache.h; sourceTree = "<group>"; };
		E341C859134A31F9009BB506 /* ASIDownloadCache.m */ = {isa = PBXFileReference; fileEncoding = 4; lastKnownFileType = sourcecode.c.objc; lineEnding = 0; path = ASIDownloadCache.m; sourceTree = "<group>"; xcLanguageSpecificationIdentifier = xcode.lang.objc; };
		E341C85A134A31F9009BB506 /* ASIFormDataRequest.h */ = {isa = PBXFileReference; fileEncoding = 4; lastKnownFileType = sourcecode.c.h; path = ASIFormDataRequest.h; sourceTree = "<group>"; };
		E341C85B134A31F9009BB506 /* ASIFormDataRequest.m */ = {isa = PBXFileReference; fileEncoding = 4; lastKnownFileType = sourcecode.c.objc; path = ASIFormDataRequest.m; sourceTree = "<group>"; };
		E341C85C134A31F9009BB506 /* ASIHTTPRequest.h */ = {isa = PBXFileReference; fileEncoding = 4; lastKnownFileType = sourcecode.c.h; path = ASIHTTPRequest.h; sourceTree = "<group>"; };
		E341C85D134A31F9009BB506 /* ASIHTTPRequest.m */ = {isa = PBXFileReference; fileEncoding = 4; lastKnownFileType = sourcecode.c.objc; path = ASIHTTPRequest.m; sourceTree = "<group>"; };
		E341C85E134A31F9009BB506 /* ASIHTTPRequestConfig.h */ = {isa = PBXFileReference; fileEncoding = 4; lastKnownFileType = sourcecode.c.h; path = ASIHTTPRequestConfig.h; sourceTree = "<group>"; };
		E341C85F134A31F9009BB506 /* ASIHTTPRequestDelegate.h */ = {isa = PBXFileReference; fileEncoding = 4; lastKnownFileType = sourcecode.c.h; path = ASIHTTPRequestDelegate.h; sourceTree = "<group>"; };
		E341C860134A31F9009BB506 /* ASIInputStream.h */ = {isa = PBXFileReference; fileEncoding = 4; lastKnownFileType = sourcecode.c.h; path = ASIInputStream.h; sourceTree = "<group>"; };
		E341C861134A31F9009BB506 /* ASIInputStream.m */ = {isa = PBXFileReference; fileEncoding = 4; lastKnownFileType = sourcecode.c.objc; path = ASIInputStream.m; sourceTree = "<group>"; };
		E341C862134A31F9009BB506 /* ASINetworkQueue.h */ = {isa = PBXFileReference; fileEncoding = 4; lastKnownFileType = sourcecode.c.h; path = ASINetworkQueue.h; sourceTree = "<group>"; };
		E341C863134A31F9009BB506 /* ASINetworkQueue.m */ = {isa = PBXFileReference; fileEncoding = 4; lastKnownFileType = sourcecode.c.objc; path = ASINetworkQueue.m; sourceTree = "<group>"; };
		E341C864134A31F9009BB506 /* ASIProgressDelegate.h */ = {isa = PBXFileReference; fileEncoding = 4; lastKnownFileType = sourcecode.c.h; path = ASIProgressDelegate.h; sourceTree = "<group>"; };
		E341C86D134A3288009BB506 /* Reachability.h */ = {isa = PBXFileReference; fileEncoding = 4; lastKnownFileType = sourcecode.c.h; path = Reachability.h; sourceTree = "<group>"; };
		E341C86E134A3288009BB506 /* Reachability.m */ = {isa = PBXFileReference; fileEncoding = 4; lastKnownFileType = sourcecode.c.objc; path = Reachability.m; sourceTree = "<group>"; };
		E341C870134A32B6009BB506 /* CoreFoundation.framework */ = {isa = PBXFileReference; lastKnownFileType = wrapper.framework; name = CoreFoundation.framework; path = System/Library/Frameworks/CoreFoundation.framework; sourceTree = SDKROOT; };
		E341C872134A32FD009BB506 /* CFNetwork.framework */ = {isa = PBXFileReference; lastKnownFileType = wrapper.framework; name = CFNetwork.framework; path = System/Library/Frameworks/CFNetwork.framework; sourceTree = SDKROOT; };
		E341C874134A3302009BB506 /* SystemConfiguration.framework */ = {isa = PBXFileReference; lastKnownFileType = wrapper.framework; name = SystemConfiguration.framework; path = System/Library/Frameworks/SystemConfiguration.framework; sourceTree = SDKROOT; };
		E341C876134A3308009BB506 /* MobileCoreServices.framework */ = {isa = PBXFileReference; lastKnownFileType = wrapper.framework; name = MobileCoreServices.framework; path = System/Library/Frameworks/MobileCoreServices.framework; sourceTree = SDKROOT; };
		E341C878134A3337009BB506 /* libz.dylib */ = {isa = PBXFileReference; lastKnownFileType = "compiled.mach-o.dylib"; name = libz.dylib; path = usr/lib/libz.dylib; sourceTree = SDKROOT; };
		E341C87A134A35F2009BB506 /* ServerRequest.h */ = {isa = PBXFileReference; fileEncoding = 4; lastKnownFileType = sourcecode.c.h; path = ServerRequest.h; sourceTree = "<group>"; };
		E341C87B134A35F2009BB506 /* ServerRequest.m */ = {isa = PBXFileReference; fileEncoding = 4; lastKnownFileType = sourcecode.c.objc; path = ServerRequest.m; sourceTree = "<group>"; };
		E341C87D134AFC05009BB506 /* Article.h */ = {isa = PBXFileReference; fileEncoding = 4; lastKnownFileType = sourcecode.c.h; path = Article.h; sourceTree = "<group>"; };
		E341C87E134AFC05009BB506 /* Article.m */ = {isa = PBXFileReference; fileEncoding = 4; lastKnownFileType = sourcecode.c.objc; path = Article.m; sourceTree = "<group>"; };
		E341C880134AFD56009BB506 /* Magasin.h */ = {isa = PBXFileReference; fileEncoding = 4; lastKnownFileType = sourcecode.c.h; path = Magasin.h; sourceTree = "<group>"; };
		E341C881134AFD56009BB506 /* Magasin.m */ = {isa = PBXFileReference; fileEncoding = 4; lastKnownFileType = sourcecode.c.objc; path = Magasin.m; sourceTree = "<group>"; };
		E341C8AC134B03D0009BB506 /* Category.h */ = {isa = PBXFileReference; fileEncoding = 4; lastKnownFileType = sourcecode.c.h; path = Category.h; sourceTree = "<group>"; };
		E341C8AD134B03D0009BB506 /* Category.m */ = {isa = PBXFileReference; fileEncoding = 4; lastKnownFileType = sourcecode.c.objc; path = Category.m; sourceTree = "<group>"; };
		E341C8AF134B3CAD009BB506 /* BaseController.h */ = {isa = PBXFileReference; fileEncoding = 4; indentWidth = 4; lastKnownFileType = sourcecode.c.h; path = BaseController.h; sourceTree = "<group>"; tabWidth = 4; usesTabs = 0; wrapsLines = 1; };
		E341C8B0134B3CAD009BB506 /* BaseController.m */ = {isa = PBXFileReference; fileEncoding = 4; indentWidth = 4; lastKnownFileType = sourcecode.c.objc; path = BaseController.m; sourceTree = "<group>"; tabWidth = 4; usesTabs = 0; wrapsLines = 1; };
		E3455352134C990C004B9D1E /* ArticleCellController.h */ = {isa = PBXFileReference; fileEncoding = 4; lastKnownFileType = sourcecode.c.h; path = ArticleCellController.h; sourceTree = "<group>"; };
		E3455364134DC3AE004B9D1E /* Entitlements.plist */ = {isa = PBXFileReference; fileEncoding = 4; lastKnownFileType = text.plist.xml; path = Entitlements.plist; sourceTree = "<group>"; };
		E3455367134E2317004B9D1E /* Commentaire.h */ = {isa = PBXFileReference; fileEncoding = 4; lastKnownFileType = sourcecode.c.h; path = Commentaire.h; sourceTree = "<group>"; };
		E3455368134E2317004B9D1E /* Commentaire.m */ = {isa = PBXFileReference; fileEncoding = 4; lastKnownFileType = sourcecode.c.objc; path = Commentaire.m; sourceTree = "<group>"; };
		E345536A134EE05C004B9D1E /* ModelObject.h */ = {isa = PBXFileReference; fileEncoding = 4; lastKnownFileType = sourcecode.c.h; path = ModelObject.h; sourceTree = "<group>"; };
		E3455377134F16D5004B9D1E /* en */ = {isa = PBXFileReference; lastKnownFileType = file.xib; name = en; path = en.lproj/PrefereEdit.xib; sourceTree = "<group>"; };
		E3455379134F173C004B9D1E /* PrefereEditController.h */ = {isa = PBXFileReference; fileEncoding = 4; lastKnownFileType = sourcecode.c.h; path = PrefereEditController.h; sourceTree = "<group>"; };
		E345537A134F173C004B9D1E /* PrefereEditController.m */ = {isa = PBXFileReference; fileEncoding = 4; lastKnownFileType = sourcecode.c.objc; path = PrefereEditController.m; sourceTree = "<group>"; };
		E345537C13530BCF004B9D1E /* alaune_off.png */ = {isa = PBXFileReference; lastKnownFileType = image.png; path = alaune_off.png; sourceTree = "<group>"; };
		E345537D13530BCF004B9D1E /* alaune_off@2x.png */ = {isa = PBXFileReference; lastKnownFileType = image.png; path = "alaune_off@2x.png"; sourceTree = "<group>"; };
		E345538013530BCF004B9D1E /* arrow.png */ = {isa = PBXFileReference; lastKnownFileType = image.png; path = arrow.png; sourceTree = "<group>"; };
		E345538113530BCF004B9D1E /* arrow@2x.png */ = {isa = PBXFileReference; lastKnownFileType = image.png; path = "arrow@2x.png"; sourceTree = "<group>"; };
		E345538213530BCF004B9D1E /* bg_log.png */ = {isa = PBXFileReference; lastKnownFileType = image.png; path = bg_log.png; sourceTree = "<group>"; };
		E345538313530BCF004B9D1E /* bg_log@2x.png */ = {isa = PBXFileReference; lastKnownFileType = image.png; path = "bg_log@2x.png"; sourceTree = "<group>"; };
		E345538413530BCF004B9D1E /* bg_topbar.png */ = {isa = PBXFileReference; lastKnownFileType = image.png; path = bg_topbar.png; sourceTree = "<group>"; };
		E345538513530BCF004B9D1E /* bg_topbar@2x.png */ = {isa = PBXFileReference; lastKnownFileType = image.png; path = "bg_topbar@2x.png"; sourceTree = "<group>"; };
		E345538613530BCF004B9D1E /* checkbox_checked.png */ = {isa = PBXFileReference; lastKnownFileType = image.png; path = checkbox_checked.png; sourceTree = "<group>"; };
		E345538713530BCF004B9D1E /* checkbox_checked@2x.png */ = {isa = PBXFileReference; lastKnownFileType = image.png; path = "checkbox_checked@2x.png"; sourceTree = "<group>"; };
		E345538813530BCF004B9D1E /* checkbox_unchecked.png */ = {isa = PBXFileReference; lastKnownFileType = image.png; path = checkbox_unchecked.png; sourceTree = "<group>"; };
		E345538913530BCF004B9D1E /* checkbox_unchecked@2x.png */ = {isa = PBXFileReference; lastKnownFileType = image.png; path = "checkbox_unchecked@2x.png"; sourceTree = "<group>"; };
		E345538A13530BD0004B9D1E /* comments.png */ = {isa = PBXFileReference; lastKnownFileType = image.png; path = comments.png; sourceTree = "<group>"; };
		E345538B13530BD0004B9D1E /* comments@2x.png */ = {isa = PBXFileReference; lastKnownFileType = image.png; path = "comments@2x.png"; sourceTree = "<group>"; };
		E345538C13530BD0004B9D1E /* favoris_add.png */ = {isa = PBXFileReference; lastKnownFileType = image.png; path = favoris_add.png; sourceTree = "<group>"; };
		E345538D13530BD0004B9D1E /* favoris_add@2x.png */ = {isa = PBXFileReference; lastKnownFileType = image.png; path = "favoris_add@2x.png"; sourceTree = "<group>"; };
		E345538E13530BD0004B9D1E /* favoris_off.png */ = {isa = PBXFileReference; lastKnownFileType = image.png; path = favoris_off.png; sourceTree = "<group>"; };
		E345538F13530BD0004B9D1E /* favoris_off@2x.png */ = {isa = PBXFileReference; lastKnownFileType = image.png; path = "favoris_off@2x.png"; sourceTree = "<group>"; };
		E345539413530BD0004B9D1E /* icon_ipad.png */ = {isa = PBXFileReference; lastKnownFileType = image.png; path = icon_ipad.png; sourceTree = "<group>"; };
		E345539513530BD0004B9D1E /* icon.png */ = {isa = PBXFileReference; lastKnownFileType = image.png; path = icon.png; sourceTree = "<group>"; };
		E345539613530BD0004B9D1E /* icon@2x.png */ = {isa = PBXFileReference; lastKnownFileType = image.png; path = "icon@2x.png"; sourceTree = "<group>"; };
		E345539713530BD0004B9D1E /* ilike.png */ = {isa = PBXFileReference; lastKnownFileType = image.png; path = ilike.png; sourceTree = "<group>"; };
		E345539813530BD0004B9D1E /* ilike@2x.png */ = {isa = PBXFileReference; lastKnownFileType = image.png; path = "ilike@2x.png"; sourceTree = "<group>"; };
		E345539913530BD0004B9D1E /* iTunesArtwork.png */ = {isa = PBXFileReference; lastKnownFileType = image.png; path = iTunesArtwork.png; sourceTree = "<group>"; };
		E345539C13530BD0004B9D1E /* podcast_off.png */ = {isa = PBXFileReference; lastKnownFileType = image.png; path = podcast_off.png; sourceTree = "<group>"; };
		E345539D13530BD0004B9D1E /* podcast_off@2x.png */ = {isa = PBXFileReference; lastKnownFileType = image.png; path = "podcast_off@2x.png"; sourceTree = "<group>"; };
		E34553A013530BD0004B9D1E /* preferes_off.png */ = {isa = PBXFileReference; lastKnownFileType = image.png; path = preferes_off.png; sourceTree = "<group>"; };
		E34553A113530BD0004B9D1E /* preferes_off@2x.png */ = {isa = PBXFileReference; lastKnownFileType = image.png; path = "preferes_off@2x.png"; sourceTree = "<group>"; };
		E34553A413530BD0004B9D1E /* rubriques_off.png */ = {isa = PBXFileReference; lastKnownFileType = image.png; path = rubriques_off.png; sourceTree = "<group>"; };
		E34553A513530BD0004B9D1E /* rubriques_off@2x.png */ = {isa = PBXFileReference; lastKnownFileType = image.png; path = "rubriques_off@2x.png"; sourceTree = "<group>"; };
		E34553D413530C1A004B9D1E /* icon.png */ = {isa = PBXFileReference; lastKnownFileType = image.png; path = icon.png; sourceTree = "<group>"; };
		E34553D613530C23004B9D1E /* icon@2x.png */ = {isa = PBXFileReference; lastKnownFileType = image.png; path = "icon@2x.png"; sourceTree = "<group>"; };
		E34553D813530C44004B9D1E /* Default.png */ = {isa = PBXFileReference; lastKnownFileType = image.png; path = Default.png; sourceTree = "<group>"; };
		E34553DA13530C4C004B9D1E /* Default@2x.png */ = {isa = PBXFileReference; lastKnownFileType = image.png; path = "Default@2x.png"; sourceTree = "<group>"; };
		E34553DC13530CD6004B9D1E /* bg.png */ = {isa = PBXFileReference; lastKnownFileType = image.png; path = bg.png; sourceTree = "<group>"; };
		E34553DD13530CD6004B9D1E /* bg@2x.png */ = {isa = PBXFileReference; lastKnownFileType = image.png; path = "bg@2x.png"; sourceTree = "<group>"; };
		E34553E013541C11004B9D1E /* nav@2x.png */ = {isa = PBXFileReference; lastKnownFileType = image.png; path = "nav@2x.png"; sourceTree = "<group>"; };
		E34553E113541C12004B9D1E /* nav.png */ = {isa = PBXFileReference; lastKnownFileType = image.png; path = nav.png; sourceTree = "<group>"; };
		E390EC04134C6EAA00B1B705 /* ArticleCellController.m */ = {isa = PBXFileReference; fileEncoding = 4; lastKnownFileType = sourcecode.c.objc; path = ArticleCellController.m; sourceTree = "<group>"; };
		E390EC05134C6EAA00B1B705 /* ArticleCell.xib */ = {isa = PBXFileReference; fileEncoding = 4; lastKnownFileType = file.xib; path = ArticleCell.xib; sourceTree = "<group>"; };
		E3D97E6B1349C3B300E2C1BA /* Celaneo1.app */ = {isa = PBXFileReference; explicitFileType = wrapper.application; includeInIndex = 0; path = Celaneo1.app; sourceTree = BUILT_PRODUCTS_DIR; };
		E3D97E6F1349C3B300E2C1BA /* UIKit.framework */ = {isa = PBXFileReference; lastKnownFileType = wrapper.framework; name = UIKit.framework; path = System/Library/Frameworks/UIKit.framework; sourceTree = SDKROOT; };
		E3D97E711349C3B300E2C1BA /* Foundation.framework */ = {isa = PBXFileReference; lastKnownFileType = wrapper.framework; name = Foundation.framework; path = System/Library/Frameworks/Foundation.framework; sourceTree = SDKROOT; };
		E3D97E731349C3B300E2C1BA /* CoreGraphics.framework */ = {isa = PBXFileReference; lastKnownFileType = wrapper.framework; name = CoreGraphics.framework; path = System/Library/Frameworks/CoreGraphics.framework; sourceTree = SDKROOT; };
		E3D97E771349C3B300E2C1BA /* Celaneo1-Info.plist */ = {isa = PBXFileReference; lastKnownFileType = text.plist.xml; path = "Celaneo1-Info.plist"; sourceTree = "<group>"; };
		E3D97E791349C3B300E2C1BA /* en */ = {isa = PBXFileReference; lastKnownFileType = text.plist.strings; name = en; path = en.lproj/InfoPlist.strings; sourceTree = "<group>"; };
		E3D97E7B1349C3B300E2C1BA /* Celaneo1-Prefix.pch */ = {isa = PBXFileReference; lastKnownFileType = sourcecode.c.h; path = "Celaneo1-Prefix.pch"; sourceTree = "<group>"; };
		E3D97E7C1349C3B300E2C1BA /* main.m */ = {isa = PBXFileReference; lastKnownFileType = sourcecode.c.objc; path = main.m; sourceTree = "<group>"; };
		E3D97E7E1349C3B300E2C1BA /* Celaneo1AppDelegate.h */ = {isa = PBXFileReference; lastKnownFileType = sourcecode.c.h; path = Celaneo1AppDelegate.h; sourceTree = "<group>"; };
		E3D97E7F1349C3B300E2C1BA /* Celaneo1AppDelegate.m */ = {isa = PBXFileReference; lastKnownFileType = sourcecode.c.objc; path = Celaneo1AppDelegate.m; sourceTree = "<group>"; };
		E3D97E821349C3B300E2C1BA /* en */ = {isa = PBXFileReference; lastKnownFileType = file.xib; name = en; path = en.lproj/MainWindow.xib; sourceTree = "<group>"; };
		E3D97E841349C3B300E2C1BA /* ArticleList.h */ = {isa = PBXFileReference; lastKnownFileType = sourcecode.c.h; path = ArticleList.h; sourceTree = "<group>"; };
		E3D97E851349C3B300E2C1BA /* ArticleList.m */ = {isa = PBXFileReference; lastKnownFileType = sourcecode.c.objc; path = ArticleList.m; sourceTree = "<group>"; };
		E3D97E871349C3B300E2C1BA /* RubriqueListController.h */ = {isa = PBXFileReference; lastKnownFileType = sourcecode.c.h; path = RubriqueListController.h; sourceTree = "<group>"; };
		E3D97E881349C3B300E2C1BA /* RubriqueListController.m */ = {isa = PBXFileReference; lastKnownFileType = sourcecode.c.objc; path = RubriqueListController.m; sourceTree = "<group>"; };
		E3D97E8B1349C3B400E2C1BA /* en */ = {isa = PBXFileReference; lastKnownFileType = file.xib; name = en; path = en.lproj/ArticleList.xib; sourceTree = "<group>"; };
		E3D97E8E1349C3B400E2C1BA /* en */ = {isa = PBXFileReference; lastKnownFileType = file.xib; name = en; path = en.lproj/RubriqueList.xib; sourceTree = "<group>"; };
		E3D97E951349C56B00E2C1BA /* LoginController.h */ = {isa = PBXFileReference; fileEncoding = 4; lastKnownFileType = sourcecode.c.h; path = LoginController.h; sourceTree = "<group>"; };
		E3D97E961349C56C00E2C1BA /* LoginController.m */ = {isa = PBXFileReference; fileEncoding = 4; lastKnownFileType = sourcecode.c.objc; path = LoginController.m; sourceTree = "<group>"; };
/* End PBXFileReference section */

/* Begin PBXFrameworksBuildPhase section */
		E3D97E681349C3B300E2C1BA /* Frameworks */ = {
			isa = PBXFrameworksBuildPhase;
			buildActionMask = 2147483647;
			files = (
				E3032645135454920012B181 /* MediaPlayer.framework in Frameworks */,
				E341C879134A3337009BB506 /* libz.dylib in Frameworks */,
				E341C877134A3308009BB506 /* MobileCoreServices.framework in Frameworks */,
				E341C875134A3302009BB506 /* SystemConfiguration.framework in Frameworks */,
				E341C873134A32FD009BB506 /* CFNetwork.framework in Frameworks */,
				E341C871134A32B6009BB506 /* CoreFoundation.framework in Frameworks */,
				E3D97E701349C3B300E2C1BA /* UIKit.framework in Frameworks */,
				E3D97E721349C3B300E2C1BA /* Foundation.framework in Frameworks */,
				E3D97E741349C3B300E2C1BA /* CoreGraphics.framework in Frameworks */,
			);
			runOnlyForDeploymentPostprocessing = 0;
		};
/* End PBXFrameworksBuildPhase section */

/* Begin PBXGroup section */
		E341C850134A31F9009BB506 /* ASIHTTPRequest */ = {
			isa = PBXGroup;
			children = (
				E341C86D134A3288009BB506 /* Reachability.h */,
				E341C86E134A3288009BB506 /* Reachability.m */,
				E341C851134A31F9009BB506 /* ASIAuthenticationDialog.h */,
				E341C852134A31F9009BB506 /* ASIAuthenticationDialog.m */,
				E341C853134A31F9009BB506 /* ASICacheDelegate.h */,
				E341C854134A31F9009BB506 /* ASIDataCompressor.h */,
				E341C855134A31F9009BB506 /* ASIDataCompressor.m */,
				E341C856134A31F9009BB506 /* ASIDataDecompressor.h */,
				E341C857134A31F9009BB506 /* ASIDataDecompressor.m */,
				E341C858134A31F9009BB506 /* ASIDownloadCache.h */,
				E341C859134A31F9009BB506 /* ASIDownloadCache.m */,
				E341C85A134A31F9009BB506 /* ASIFormDataRequest.h */,
				E341C85B134A31F9009BB506 /* ASIFormDataRequest.m */,
				E341C85C134A31F9009BB506 /* ASIHTTPRequest.h */,
				E341C85D134A31F9009BB506 /* ASIHTTPRequest.m */,
				E341C85E134A31F9009BB506 /* ASIHTTPRequestConfig.h */,
				E341C85F134A31F9009BB506 /* ASIHTTPRequestDelegate.h */,
				E341C860134A31F9009BB506 /* ASIInputStream.h */,
				E341C861134A31F9009BB506 /* ASIInputStream.m */,
				E341C862134A31F9009BB506 /* ASINetworkQueue.h */,
				E341C863134A31F9009BB506 /* ASINetworkQueue.m */,
				E341C864134A31F9009BB506 /* ASIProgressDelegate.h */,
			);
			path = ASIHTTPRequest;
			sourceTree = "<group>";
		};
		E3455366134E22F2004B9D1E /* Model */ = {
			isa = PBXGroup;
			children = (
				E341C87D134AFC05009BB506 /* Article.h */,
				E341C87E134AFC05009BB506 /* Article.m */,
				E341C880134AFD56009BB506 /* Magasin.h */,
				E341C881134AFD56009BB506 /* Magasin.m */,
				E341C8AC134B03D0009BB506 /* Category.h */,
				E341C8AD134B03D0009BB506 /* Category.m */,
				E3455367134E2317004B9D1E /* Commentaire.h */,
				E3455368134E2317004B9D1E /* Commentaire.m */,
				E345536A134EE05C004B9D1E /* ModelObject.h */,
			);
			name = Model;
			sourceTree = "<group>";
		};
		E3455373134F146E004B9D1E /* Images */ = {
			isa = PBXGroup;
			children = (
				E303264B1355A6A90012B181 /* nav_nologo.png */,
				E303264C1355A6AA0012B181 /* nav_nologo@2x.png */,
				E34553E013541C11004B9D1E /* nav@2x.png */,
				E34553E113541C12004B9D1E /* nav.png */,
				E34553DC13530CD6004B9D1E /* bg.png */,
				E34553DD13530CD6004B9D1E /* bg@2x.png */,
				E345537C13530BCF004B9D1E /* alaune_off.png */,
				E345537D13530BCF004B9D1E /* alaune_off@2x.png */,
				E345538013530BCF004B9D1E /* arrow.png */,
				E345538113530BCF004B9D1E /* arrow@2x.png */,
				E345538213530BCF004B9D1E /* bg_log.png */,
				E345538313530BCF004B9D1E /* bg_log@2x.png */,
				E345538413530BCF004B9D1E /* bg_topbar.png */,
				E345538513530BCF004B9D1E /* bg_topbar@2x.png */,
				E345538613530BCF004B9D1E /* checkbox_checked.png */,
				E345538713530BCF004B9D1E /* checkbox_checked@2x.png */,
				E345538813530BCF004B9D1E /* checkbox_unchecked.png */,
				E345538913530BCF004B9D1E /* checkbox_unchecked@2x.png */,
				E345538A13530BD0004B9D1E /* comments.png */,
				E345538B13530BD0004B9D1E /* comments@2x.png */,
				E345538C13530BD0004B9D1E /* favoris_add.png */,
				E345538D13530BD0004B9D1E /* favoris_add@2x.png */,
				E345538E13530BD0004B9D1E /* favoris_off.png */,
				E345538F13530BD0004B9D1E /* favoris_off@2x.png */,
				E345539413530BD0004B9D1E /* icon_ipad.png */,
				E345539513530BD0004B9D1E /* icon.png */,
				E345539613530BD0004B9D1E /* icon@2x.png */,
				E345539713530BD0004B9D1E /* ilike.png */,
				E345539813530BD0004B9D1E /* ilike@2x.png */,
				E345539913530BD0004B9D1E /* iTunesArtwork.png */,
				E345539C13530BD0004B9D1E /* podcast_off.png */,
				E345539D13530BD0004B9D1E /* podcast_off@2x.png */,
				E34553A013530BD0004B9D1E /* preferes_off.png */,
				E34553A113530BD0004B9D1E /* preferes_off@2x.png */,
				E34553A413530BD0004B9D1E /* rubriques_off.png */,
				E34553A513530BD0004B9D1E /* rubriques_off@2x.png */,
			);
			path = Images;
			sourceTree = SOURCE_ROOT;
		};
		E3D97E601349C3B300E2C1BA = {
			isa = PBXGroup;
			children = (
				E3032644135454920012B181 /* MediaPlayer.framework */,
				E34553DA13530C4C004B9D1E /* Default@2x.png */,
				E34553D813530C44004B9D1E /* Default.png */,
				E34553D613530C23004B9D1E /* icon@2x.png */,
				E34553D413530C1A004B9D1E /* icon.png */,
				E3455364134DC3AE004B9D1E /* Entitlements.plist */,
				E341C878134A3337009BB506 /* libz.dylib */,
				E341C876134A3308009BB506 /* MobileCoreServices.framework */,
				E341C874134A3302009BB506 /* SystemConfiguration.framework */,
				E341C872134A32FD009BB506 /* CFNetwork.framework */,
				E341C870134A32B6009BB506 /* CoreFoundation.framework */,
				E3455373134F146E004B9D1E /* Images */,
				E341C850134A31F9009BB506 /* ASIHTTPRequest */,
				E3D97E751349C3B300E2C1BA /* Celaneo1 */,
				E3D97E6E1349C3B300E2C1BA /* Frameworks */,
				E3D97E6C1349C3B300E2C1BA /* Products */,
			);
			sourceTree = "<group>";
		};
		E3D97E6C1349C3B300E2C1BA /* Products */ = {
			isa = PBXGroup;
			children = (
				E3D97E6B1349C3B300E2C1BA /* Celaneo1.app */,
			);
			name = Products;
			sourceTree = "<group>";
		};
		E3D97E6E1349C3B300E2C1BA /* Frameworks */ = {
			isa = PBXGroup;
			children = (
				E3D97E6F1349C3B300E2C1BA /* UIKit.framework */,
				E3D97E711349C3B300E2C1BA /* Foundation.framework */,
				E3D97E731349C3B300E2C1BA /* CoreGraphics.framework */,
			);
			name = Frameworks;
			sourceTree = "<group>";
		};
		E3D97E751349C3B300E2C1BA /* Celaneo1 */ = {
			isa = PBXGroup;
			children = (
				E3455379134F173C004B9D1E /* PrefereEditController.h */,
				E345537A134F173C004B9D1E /* PrefereEditController.m */,
				E3455376134F16D4004B9D1E /* PrefereEdit.xib */,
				E3455366134E22F2004B9D1E /* Model */,
				E3D97E7E1349C3B300E2C1BA /* Celaneo1AppDelegate.h */,
				E3D97E7F1349C3B300E2C1BA /* Celaneo1AppDelegate.m */,
				E3D97E811349C3B300E2C1BA /* MainWindow.xib */,
				E3D97E841349C3B300E2C1BA /* ArticleList.h */,
				E3D97E851349C3B300E2C1BA /* ArticleList.m */,
				E3D97E8A1349C3B400E2C1BA /* ArticleList.xib */,
				E3D97E871349C3B300E2C1BA /* RubriqueListController.h */,
				E3D97E881349C3B300E2C1BA /* RubriqueListController.m */,
				E3D97E8D1349C3B400E2C1BA /* RubriqueList.xib */,
				E3D97E761349C3B300E2C1BA /* Supporting Files */,
				E341C8AF134B3CAD009BB506 /* BaseController.h */,
				E341C8B0134B3CAD009BB506 /* BaseController.m */,
				E3D97E951349C56B00E2C1BA /* LoginController.h */,
				E3D97E961349C56C00E2C1BA /* LoginController.m */,
				E341C87A134A35F2009BB506 /* ServerRequest.h */,
				E341C87B134A35F2009BB506 /* ServerRequest.m */,
				E3455352134C990C004B9D1E /* ArticleCellController.h */,
				E390EC04134C6EAA00B1B705 /* ArticleCellController.m */,
				E390EC05134C6EAA00B1B705 /* ArticleCell.xib */,
				E303264613545BCA0012B181 /* MediaPlayer.h */,
				E303264713545BCA0012B181 /* MediaPlayer.m */,
				E303264813545BCA0012B181 /* MediaPlayer.xib */,
			);
			path = Celaneo1;
			sourceTree = "<group>";
		};
		E3D97E761349C3B300E2C1BA /* Supporting Files */ = {
			isa = PBXGroup;
			children = (
				E3D97E771349C3B300E2C1BA /* Celaneo1-Info.plist */,
				E3D97E781349C3B300E2C1BA /* InfoPlist.strings */,
				E3D97E7B1349C3B300E2C1BA /* Celaneo1-Prefix.pch */,
				E3D97E7C1349C3B300E2C1BA /* main.m */,
			);
			name = "Supporting Files";
			sourceTree = "<group>";
		};
/* End PBXGroup section */

/* Begin PBXNativeTarget section */
		E3D97E6A1349C3B300E2C1BA /* Celaneo1 */ = {
			isa = PBXNativeTarget;
			buildConfigurationList = E3D97E921349C3B400E2C1BA /* Build configuration list for PBXNativeTarget "Celaneo1" */;
			buildPhases = (
				E3D97E671349C3B300E2C1BA /* Sources */,
				E3D97E681349C3B300E2C1BA /* Frameworks */,
				E3D97E691349C3B300E2C1BA /* Resources */,
			);
			buildRules = (
			);
			dependencies = (
			);
			name = Celaneo1;
			productName = Celaneo1;
			productReference = E3D97E6B1349C3B300E2C1BA /* Celaneo1.app */;
			productType = "com.apple.product-type.application";
		};
/* End PBXNativeTarget section */

/* Begin PBXProject section */
		E3D97E621349C3B300E2C1BA /* Project object */ = {
			isa = PBXProject;
			buildConfigurationList = E3D97E651349C3B300E2C1BA /* Build configuration list for PBXProject "Celaneo1" */;
			compatibilityVersion = "Xcode 3.2";
			developmentRegion = English;
			hasScannedForEncodings = 0;
			knownRegions = (
				en,
			);
			mainGroup = E3D97E601349C3B300E2C1BA;
			productRefGroup = E3D97E6C1349C3B300E2C1BA /* Products */;
			projectDirPath = "";
			projectRoot = "";
			targets = (
				E3D97E6A1349C3B300E2C1BA /* Celaneo1 */,
			);
		};
/* End PBXProject section */

/* Begin PBXResourcesBuildPhase section */
		E3D97E691349C3B300E2C1BA /* Resources */ = {
			isa = PBXResourcesBuildPhase;
			buildActionMask = 2147483647;
			files = (
				E3D97E7A1349C3B300E2C1BA /* InfoPlist.strings in Resources */,
				E3D97E831349C3B300E2C1BA /* MainWindow.xib in Resources */,
				E3D97E8C1349C3B400E2C1BA /* ArticleList.xib in Resources */,
				E3D97E8F1349C3B400E2C1BA /* RubriqueList.xib in Resources */,
				E390EC07134C6EAA00B1B705 /* ArticleCell.xib in Resources */,
				E3455365134DC3AE004B9D1E /* Entitlements.plist in Resources */,
				E3455378134F16D5004B9D1E /* PrefereEdit.xib in Resources */,
				E34553A813530BD0004B9D1E /* alaune_off.png in Resources */,
				E34553A913530BD0004B9D1E /* alaune_off@2x.png in Resources */,
				E34553AC13530BD0004B9D1E /* arrow.png in Resources */,
				E34553AD13530BD0004B9D1E /* arrow@2x.png in Resources */,
				E34553AE13530BD0004B9D1E /* bg_log.png in Resources */,
				E34553AF13530BD0004B9D1E /* bg_log@2x.png in Resources */,
				E34553B013530BD0004B9D1E /* bg_topbar.png in Resources */,
				E34553B113530BD0004B9D1E /* bg_topbar@2x.png in Resources */,
				E34553B213530BD0004B9D1E /* checkbox_checked.png in Resources */,
				E34553B313530BD0004B9D1E /* checkbox_checked@2x.png in Resources */,
				E34553B413530BD0004B9D1E /* checkbox_unchecked.png in Resources */,
				E34553B513530BD0004B9D1E /* checkbox_unchecked@2x.png in Resources */,
				E34553B613530BD0004B9D1E /* comments.png in Resources */,
				E34553B713530BD0004B9D1E /* comments@2x.png in Resources */,
				E34553B813530BD0004B9D1E /* favoris_add.png in Resources */,
				E34553B913530BD0004B9D1E /* favoris_add@2x.png in Resources */,
				E34553BA13530BD0004B9D1E /* favoris_off.png in Resources */,
				E34553BB13530BD0004B9D1E /* favoris_off@2x.png in Resources */,
				E34553C013530BD0004B9D1E /* icon_ipad.png in Resources */,
				E34553C113530BD0004B9D1E /* icon.png in Resources */,
				E34553C213530BD0004B9D1E /* icon@2x.png in Resources */,
				E34553C313530BD0004B9D1E /* ilike.png in Resources */,
				E34553C413530BD0004B9D1E /* ilike@2x.png in Resources */,
				E34553C513530BD0004B9D1E /* iTunesArtwork.png in Resources */,
				E34553C813530BD0004B9D1E /* podcast_off.png in Resources */,
				E34553C913530BD0004B9D1E /* podcast_off@2x.png in Resources */,
				E34553CC13530BD0004B9D1E /* preferes_off.png in Resources */,
				E34553CD13530BD0004B9D1E /* preferes_off@2x.png in Resources */,
				E34553D013530BD0004B9D1E /* rubriques_off.png in Resources */,
				E34553D113530BD0004B9D1E /* rubriques_off@2x.png in Resources */,
				E34553D513530C1A004B9D1E /* icon.png in Resources */,
				E34553D713530C23004B9D1E /* icon@2x.png in Resources */,
				E34553D913530C44004B9D1E /* Default.png in Resources */,
				E34553DB13530C4D004B9D1E /* Default@2x.png in Resources */,
				E34553DE13530CD6004B9D1E /* bg.png in Resources */,
				E34553DF13530CD6004B9D1E /* bg@2x.png in Resources */,
				E34553E213541C13004B9D1E /* nav@2x.png in Resources */,
				E34553E313541C13004B9D1E /* nav.png in Resources */,
				E303264A13545BCB0012B181 /* MediaPlayer.xib in Resources */,
				E303264D1355A6AB0012B181 /* nav_nologo.png in Resources */,
				E303264E1355A6AB0012B181 /* nav_nologo@2x.png in Resources */,
			);
			runOnlyForDeploymentPostprocessing = 0;
		};
/* End PBXResourcesBuildPhase section */

/* Begin PBXSourcesBuildPhase section */
		E3D97E671349C3B300E2C1BA /* Sources */ = {
			isa = PBXSourcesBuildPhase;
			buildActionMask = 2147483647;
			files = (
				E3D97E7D1349C3B300E2C1BA /* main.m in Sources */,
				E3D97E801349C3B300E2C1BA /* Celaneo1AppDelegate.m in Sources */,
				E3D97E861349C3B300E2C1BA /* ArticleList.m in Sources */,
				E3D97E891349C3B300E2C1BA /* RubriqueListController.m in Sources */,
				E3D97E981349C56C00E2C1BA /* LoginController.m in Sources */,
				E341C865134A31F9009BB506 /* ASIAuthenticationDialog.m in Sources */,
				E341C866134A31F9009BB506 /* ASIDataCompressor.m in Sources */,
				E341C867134A31F9009BB506 /* ASIDataDecompressor.m in Sources */,
				E341C868134A31F9009BB506 /* ASIDownloadCache.m in Sources */,
				E341C869134A31F9009BB506 /* ASIFormDataRequest.m in Sources */,
				E341C86A134A31F9009BB506 /* ASIHTTPRequest.m in Sources */,
				E341C86B134A31F9009BB506 /* ASIInputStream.m in Sources */,
				E341C86C134A31F9009BB506 /* ASINetworkQueue.m in Sources */,
				E341C86F134A3288009BB506 /* Reachability.m in Sources */,
				E341C87C134A35F2009BB506 /* ServerRequest.m in Sources */,
				E341C87F134AFC05009BB506 /* Article.m in Sources */,
				E341C882134AFD56009BB506 /* Magasin.m in Sources */,
				E341C8AE134B03D0009BB506 /* Category.m in Sources */,
				E341C8B1134B3CAD009BB506 /* BaseController.m in Sources */,
				E390EC06134C6EAA00B1B705 /* ArticleCellController.m in Sources */,
				E3455369134E2317004B9D1E /* Commentaire.m in Sources */,
				E345537B134F173C004B9D1E /* PrefereEditController.m in Sources */,
				E303264913545BCB0012B181 /* MediaPlayer.m in Sources */,
			);
			runOnlyForDeploymentPostprocessing = 0;
		};
/* End PBXSourcesBuildPhase section */

/* Begin PBXVariantGroup section */
		E3455376134F16D4004B9D1E /* PrefereEdit.xib */ = {
			isa = PBXVariantGroup;
			children = (
				E3455377134F16D5004B9D1E /* en */,
			);
			name = PrefereEdit.xib;
			sourceTree = "<group>";
		};
		E3D97E781349C3B300E2C1BA /* InfoPlist.strings */ = {
			isa = PBXVariantGroup;
			children = (
				E3D97E791349C3B300E2C1BA /* en */,
			);
			name = InfoPlist.strings;
			sourceTree = "<group>";
		};
		E3D97E811349C3B300E2C1BA /* MainWindow.xib */ = {
			isa = PBXVariantGroup;
			children = (
				E3D97E821349C3B300E2C1BA /* en */,
			);
			name = MainWindow.xib;
			sourceTree = "<group>";
		};
		E3D97E8A1349C3B400E2C1BA /* ArticleList.xib */ = {
			isa = PBXVariantGroup;
			children = (
				E3D97E8B1349C3B400E2C1BA /* en */,
			);
			name = ArticleList.xib;
			sourceTree = "<group>";
		};
		E3D97E8D1349C3B400E2C1BA /* RubriqueList.xib */ = {
			isa = PBXVariantGroup;
			children = (
				E3D97E8E1349C3B400E2C1BA /* en */,
			);
			name = RubriqueList.xib;
			sourceTree = "<group>";
		};
/* End PBXVariantGroup section */

/* Begin XCBuildConfiguration section */
		E3D97E901349C3B400E2C1BA /* Debug */ = {
			isa = XCBuildConfiguration;
			buildSettings = {
				ARCHS = "$(ARCHS_STANDARD_32_BIT)";
				CODE_SIGN_ENTITLEMENTS = "";
				CODE_SIGN_IDENTITY = "iPhone Developer";
				"CODE_SIGN_IDENTITY[sdk=iphoneos*]" = "iPhone Developer";
				GCC_C_LANGUAGE_STANDARD = gnu99;
				GCC_OPTIMIZATION_LEVEL = 0;
				GCC_PREPROCESSOR_DEFINITIONS = DEBUG;
				GCC_SYMBOLS_PRIVATE_EXTERN = NO;
				GCC_VERSION = com.apple.compilers.llvmgcc42;
				GCC_WARN_ABOUT_RETURN_TYPE = YES;
				GCC_WARN_UNUSED_VARIABLE = YES;
				IPHONEOS_DEPLOYMENT_TARGET = 4.0;
				PROVISIONING_PROFILE = "";
				SDKROOT = iphoneos;
			};
			name = Debug;
		};
		E3D97E911349C3B400E2C1BA /* Release */ = {
			isa = XCBuildConfiguration;
			buildSettings = {
				ARCHS = "$(ARCHS_STANDARD_32_BIT)";
				CODE_SIGN_ENTITLEMENTS = "";
				CODE_SIGN_IDENTITY = "iPhone Developer";
				"CODE_SIGN_IDENTITY[sdk=iphoneos*]" = "iPhone Distribution";
				GCC_C_LANGUAGE_STANDARD = gnu99;
				GCC_VERSION = com.apple.compilers.llvmgcc42;
				GCC_WARN_ABOUT_RETURN_TYPE = YES;
				GCC_WARN_UNUSED_VARIABLE = YES;
				IPHONEOS_DEPLOYMENT_TARGET = 4.0;
				OTHER_CFLAGS = "-DNS_BLOCK_ASSERTIONS=1";
				PROVISIONING_PROFILE = "";
				"PROVISIONING_PROFILE[sdk=iphoneos*]" = "";
				SDKROOT = iphoneos;
			};
			name = Release;
		};
		E3D97E931349C3B400E2C1BA /* Debug */ = {
			isa = XCBuildConfiguration;
			buildSettings = {
				ALWAYS_SEARCH_USER_PATHS = NO;
				COPY_PHASE_STRIP = NO;
				GCC_DYNAMIC_NO_PIC = NO;
				GCC_PRECOMPILE_PREFIX_HEADER = YES;
				GCC_PREFIX_HEADER = "Celaneo1/Celaneo1-Prefix.pch";
				INFOPLIST_FILE = "Celaneo1/Celaneo1-Info.plist";
				PRODUCT_NAME = "$(TARGET_NAME)";
				WRAPPER_EXTENSION = app;
			};
			name = Debug;
		};
		E3D97E941349C3B400E2C1BA /* Release */ = {
			isa = XCBuildConfiguration;
			buildSettings = {
				ALWAYS_SEARCH_USER_PATHS = NO;
				COPY_PHASE_STRIP = YES;
				GCC_PRECOMPILE_PREFIX_HEADER = YES;
				GCC_PREFIX_HEADER = "Celaneo1/Celaneo1-Prefix.pch";
				INFOPLIST_FILE = "Celaneo1/Celaneo1-Info.plist";
				PRODUCT_NAME = "$(TARGET_NAME)";
				VALIDATE_PRODUCT = YES;
				WRAPPER_EXTENSION = app;
			};
			name = Release;
		};
/* End XCBuildConfiguration section */

/* Begin XCConfigurationList section */
		E3D97E651349C3B300E2C1BA /* Build configuration list for PBXProject "Celaneo1" */ = {
			isa = XCConfigurationList;
			buildConfigurations = (
				E3D97E901349C3B400E2C1BA /* Debug */,
				E3D97E911349C3B400E2C1BA /* Release */,
			);
			defaultConfigurationIsVisible = 0;
			defaultConfigurationName = Release;
		};
		E3D97E921349C3B400E2C1BA /* Build configuration list for PBXNativeTarget "Celaneo1" */ = {
			isa = XCConfigurationList;
			buildConfigurations = (
				E3D97E931349C3B400E2C1BA /* Debug */,
				E3D97E941349C3B400E2C1BA /* Release */,
			);
			defaultConfigurationIsVisible = 0;
			defaultConfigurationName = Release;
		};
/* End XCConfigurationList section */
	};
	rootObject = E3D97E621349C3B300E2C1BA /* Project object */;
}
